Microsoft Visual Studio Solution File, Format Version 12.00
# Visual Studio 2012
Project("{FAE04EC0-301F-11D3-BF4B-00C04F79EFBC}") = "Project Test c sharp", "Project Test c sharp.csproj", "{D44B1C12-DA43-4BD3-B717-3C3927E4D1CC}"
EndProject
Global
	GlobalSection(SolutionConfigurationPlatforms) = preSolution
	Debug|Any CPU = Debug|Any CPU
	ExportDebug|Any CPU = ExportDebug|Any CPU
	ExportRelease|Any CPU = ExportRelease|Any CPU
	EndGlobalSection
	GlobalSection(ProjectConfigurationPlatforms) = postSolution
		{D44B1C12-DA43-4BD3-B717-3C3927E4D1CC}.Debug|Any CPU.ActiveCfg = Debug|Any CPU
		{D44B1C12-DA43-4BD3-B717-3C3927E4D1CC}.Debug|Any CPU.Build.0 = Debug|Any CPU
		{D44B1C12-DA43-4BD3-B717-3C3927E4D1CC}.ExportDebug|Any CPU.ActiveCfg = ExportDebug|Any CPU
		{D44B1C12-DA43-4BD3-B717-3C3927E4D1CC}.ExportDebug|Any CPU.Build.0 = ExportDebug|Any CPU
		{D44B1C12-DA43-4BD3-B717-3C3927E4D1CC}.ExportRelease|Any CPU.ActiveCfg = ExportRelease|Any CPU
		{D44B1C12-DA43-4BD3-B717-3C3927E4D1CC}.ExportRelease|Any CPU.Build.0 = ExportRelease|Any CPU
	EndGlobalSection
EndGlobal
